hash: 481ee16b37ff340e0de451b9a03ee57238ee52c2b3fd8a5f6f955d23fc469432
updated: 2017-09-20T16:35:32.370963112-03:00
imports:
- name: github.com/aws/aws-sdk-go
  version: d76e48be81c125ffb3d030020b66d64731d2b9d0
  subpackages:
  - aws
  - aws/awserr
  - aws/awsutil
  - aws/client
  - aws/client/metadata
  - aws/corehandlers
  - aws/credentials
  - aws/credentials/ec2rolecreds
  - aws/credentials/endpointcreds
  - aws/credentials/stscreds
  - aws/defaults
  - aws/ec2metadata
  - aws/endpoints
  - aws/request
  - aws/session
  - aws/signer/v4
  - internal/shareddefaults
  - private/protocol
  - private/protocol/query
  - private/protocol/query/queryutil
  - private/protocol/rest
  - private/protocol/xml/xmlutil
  - service/ses
  - service/sts
- name: github.com/go-ini/ini
  version: c787282c39ac1fc618827141a1f762240def08a3
- name: github.com/jmespath/go-jmespath
  version: bd40a432e4c76585ef6b72d3fd96fb9b6dc7b68d
- name: github.com/pkg/errors
  version: 645ef00459ed84a119197bfb8d8205042c6df63d
- name: github.com/sendgrid/rest
  version: 80b39aaf5a30edab5bf2f99d56052abe01a0d41d
- name: github.com/sendgrid/sendgrid-go
  version: 8caf17aa96b4a98bae8bd216878dd50ff12897b5
  subpackages:
  - helpers/mail
- name: gopkg.in/mailgun/mailgun-go.v1
  version: a4002e2df2e8ca2da6a6fbb4a72871b504e49f50
testImports:
- name: github.com/joho/godotenv
  version: 726cc8b906e3d31c70a9671c90a13716a8d3f50d
